version: 6
environments:
  default:
    channels:
    - url: https://conda.anaconda.org/conda-forge/
    indexes:
    - https://pypi.org/simple
    packages:
      win-64:
      - conda: https://conda.anaconda.org/conda-forge/win-64/_openmp_mutex-4.5-2_gnu.conda
      - conda: https://conda.anaconda.org/conda-forge/win-64/bzip2-1.0.8-h0ad9c76_8.conda
      - conda: https://conda.anaconda.org/conda-forge/noarch/ca-certificates-2026.1.4-h4c7d964_0.conda
      - conda: https://conda.anaconda.org/conda-forge/win-64/cuda-cudart-12.9.79-he0c23c2_0.conda
      - conda: https://conda.anaconda.org/conda-forge/noarch/cuda-cudart_win-64-12.9.79-he0c23c2_0.conda
      - conda: https://conda.anaconda.org/conda-forge/win-64/cuda-cupti-12.9.79-hac47afa_1.conda
      - conda: https://conda.anaconda.org/conda-forge/win-64/cuda-nvrtc-12.9.86-hac47afa_1.conda
      - conda: https://conda.anaconda.org/conda-forge/noarch/cuda-version-12.9-h4f385c5_3.conda
      - conda: https://conda.anaconda.org/conda-forge/win-64/cudnn-9.10.2.21-h32ff316_0.conda
      - conda: https://conda.anaconda.org/conda-forge/noarch/filelock-3.20.2-pyhd8ed1ab_0.conda
      - conda: https://conda.anaconda.org/conda-forge/win-64/fmt-12.0.0-h29169d4_0.conda
      - conda: https://conda.anaconda.org/conda-forge/noarch/fsspec-2025.12.0-pyhd8ed1ab_0.conda
      - conda: https://conda.anaconda.org/conda-forge/win-64/icu-78.1-h637d24d_0.conda
      - conda: https://conda.anaconda.org/conda-forge/noarch/jinja2-3.1.6-pyhcf101f3_1.conda
      - conda: https://conda.anaconda.org/conda-forge/noarch/joblib-1.5.3-pyhd8ed1ab_0.conda
      - conda: https://conda.anaconda.org/conda-forge/win-64/libabseil-20250512.1-cxx17_habfad5f_0.conda
      - conda: https://conda.anaconda.org/conda-forge/win-64/libblas-3.11.0-5_hf2e6a31_mkl.conda
      - conda: https://conda.anaconda.org/conda-forge/win-64/libcblas-3.11.0-5_h2a3cdd5_mkl.conda
      - conda: https://conda.anaconda.org/conda-forge/win-64/libcublas-12.9.1.4-hac47afa_1.conda
      - conda: https://conda.anaconda.org/conda-forge/win-64/libcudnn-9.10.2.21-hca898b4_0.conda
      - conda: https://conda.anaconda.org/conda-forge/win-64/libcudnn-dev-9.10.2.21-hca898b4_0.conda
      - conda: https://conda.anaconda.org/conda-forge/win-64/libcudss-0.7.1.4-hca898b4_0.conda
      - conda: https://conda.anaconda.org/conda-forge/win-64/libcufft-11.4.1.4-hac47afa_1.conda
      - conda: https://conda.anaconda.org/conda-forge/win-64/libcurand-10.3.10.19-hac47afa_1.conda
      - conda: https://conda.anaconda.org/conda-forge/win-64/libcusolver-11.7.5.82-hac47afa_2.conda
      - conda: https://conda.anaconda.org/conda-forge/win-64/libcusparse-12.5.10.65-hac47afa_2.conda
      - conda: https://conda.anaconda.org/conda-forge/win-64/libexpat-2.7.3-hac47afa_0.conda
      - conda: https://conda.anaconda.org/conda-forge/win-64/libffi-3.5.2-h52bdfb6_0.conda
      - conda: https://conda.anaconda.org/conda-forge/win-64/libgomp-15.2.0-h8ee18e1_16.conda
      - conda: https://conda.anaconda.org/conda-forge/win-64/libhwloc-2.12.1-default_h4379cf1_1003.conda
      - conda: https://conda.anaconda.org/conda-forge/win-64/libiconv-1.18-hc1393d2_2.conda
      - conda: https://conda.anaconda.org/conda-forge/win-64/liblapack-3.11.0-5_hf9ab0e9_mkl.conda
      - conda: https://conda.anaconda.org/conda-forge/win-64/liblzma-5.8.1-h2466b09_2.conda
      - conda: https://conda.anaconda.org/conda-forge/win-64/libmagma-2.9.0-hb6a17ea_3.conda
      - conda: https://conda.anaconda.org/conda-forge/win-64/libmpdec-4.0.0-h2466b09_0.conda
      - conda: https://conda.anaconda.org/conda-forge/win-64/libnvjitlink-12.9.86-hac47afa_2.conda
      - conda: https://conda.anaconda.org/conda-forge/win-64/libprotobuf-6.31.1-hdcda5b4_4.conda
      - conda: https://conda.anaconda.org/conda-forge/win-64/libsqlite-3.51.1-hf5d6505_1.conda
      - conda: https://conda.anaconda.org/conda-forge/win-64/libtorch-2.9.1-cuda128_mkl_hbf96477_300.conda
      - conda: https://conda.anaconda.org/conda-forge/win-64/libuv-1.51.0-hfd05255_1.conda
      - conda: https://conda.anaconda.org/conda-forge/win-64/libwinpthread-12.0.0.r4.gg4f2fc60ca-h57928b3_10.conda
      - conda: https://conda.anaconda.org/conda-forge/win-64/libxml2-16-2.15.1-h3cfd58e_1.conda
      - conda: https://conda.anaconda.org/conda-forge/win-64/libxml2-2.15.1-h779ef1b_1.conda
      - conda: https://conda.anaconda.org/conda-forge/win-64/libzlib-1.3.1-h2466b09_2.conda
      - conda: https://conda.anaconda.org/conda-forge/win-64/llvm-openmp-21.1.8-h4fa8253_0.conda
      - conda: https://conda.anaconda.org/conda-forge/win-64/markupsafe-3.0.3-py313hd650c13_0.conda
      - conda: https://conda.anaconda.org/conda-forge/win-64/mkl-2025.3.0-hac47afa_455.conda
      - conda: https://conda.anaconda.org/conda-forge/noarch/mpmath-1.3.0-pyhd8ed1ab_1.conda
      - conda: https://conda.anaconda.org/conda-forge/noarch/networkx-3.6.1-pyhcf101f3_0.conda
      - conda: https://conda.anaconda.org/conda-forge/win-64/numpy-2.4.0-py313hce7ae62_0.conda
      - conda: https://conda.anaconda.org/conda-forge/win-64/openssl-3.6.0-h725018a_0.conda
      - conda: https://conda.anaconda.org/conda-forge/win-64/optree-0.18.0-py313hf069bd2_0.conda
      - conda: https://conda.anaconda.org/conda-forge/win-64/pandas-2.3.3-py313hc90dcd4_2.conda
      - conda: https://conda.anaconda.org/conda-forge/noarch/pybind11-3.0.1-pyh7a1b43c_0.conda
      - conda: https://conda.anaconda.org/conda-forge/noarch/pybind11-abi-11-hc364b38_1.conda
      - conda: https://conda.anaconda.org/conda-forge/noarch/pybind11-global-3.0.1-pyh5e4992e_0.conda
      - conda: https://conda.anaconda.org/conda-forge/win-64/python-3.13.11-h09917c8_100_cp313.conda
      - conda: https://conda.anaconda.org/conda-forge/noarch/python-dateutil-2.9.0.post0-pyhe01879c_2.conda
      - conda: https://conda.anaconda.org/conda-forge/noarch/python-tzdata-2025.3-pyhd8ed1ab_0.conda
      - conda: https://conda.anaconda.org/conda-forge/noarch/python_abi-3.13-8_cp313.conda
      - conda: https://conda.anaconda.org/conda-forge/win-64/pytorch-2.9.1-cuda128_mkl_py313_h7f80487_300.conda
      - conda: https://conda.anaconda.org/conda-forge/win-64/pytorch-gpu-2.9.1-cuda128_mkl_hc88b545_300.conda
      - conda: https://conda.anaconda.org/conda-forge/noarch/pytz-2025.2-pyhd8ed1ab_0.conda
      - conda: https://conda.anaconda.org/conda-forge/win-64/scikit-learn-1.8.0-np2py313h4ce4a18_1.conda
      - conda: https://conda.anaconda.org/conda-forge/win-64/scipy-1.16.3-py313he51e9a2_2.conda
      - conda: https://conda.anaconda.org/conda-forge/noarch/setuptools-80.9.0-pyhff2d567_0.conda
      - conda: https://conda.anaconda.org/conda-forge/noarch/six-1.17.0-pyhe01879c_1.conda
      - conda: https://conda.anaconda.org/conda-forge/win-64/sleef-3.9.0-h67fd636_0.conda
      - conda: https://conda.anaconda.org/conda-forge/noarch/sympy-1.14.0-pyh04b8f61_5.conda
      - conda: https://conda.anaconda.org/conda-forge/win-64/tbb-2022.3.0-hd094cb3_1.conda
      - conda: https://conda.anaconda.org/conda-forge/noarch/threadpoolctl-3.6.0-pyhecae5ae_0.conda
      - conda: https://conda.anaconda.org/conda-forge/win-64/tk-8.6.13-h2c6b04d_3.conda
      - conda: https://conda.anaconda.org/conda-forge/noarch/typing-extensions-4.15.0-h396c80c_0.conda
      - conda: https://conda.anaconda.org/conda-forge/noarch/typing_extensions-4.15.0-pyhcf101f3_0.conda
      - conda: https://conda.anaconda.org/conda-forge/noarch/tzdata-2025c-hc9c84f9_1.conda
      - conda: https://conda.anaconda.org/conda-forge/win-64/ucrt-10.0.26100.0-h57928b3_0.conda
      - conda: https://conda.anaconda.org/conda-forge/win-64/vc-14.3-h41ae7f8_34.conda
      - conda: https://conda.anaconda.org/conda-forge/win-64/vc14_runtime-14.44.35208-h818238b_34.conda
      - conda: https://conda.anaconda.org/conda-forge/win-64/vcomp14-14.44.35208-h818238b_34.conda
      - pypi: ./
packages:
- conda: https://conda.anaconda.org/conda-forge/win-64/_openmp_mutex-4.5-2_gnu.conda
  build_number: 8
  sha256: 1a62cd1f215fe0902e7004089693a78347a30ad687781dfda2289cab000e652d
  md5: 37e16618af5c4851a3f3d66dd0e11141
  depends:
  - libgomp >=7.5.0
  - libwinpthread >=12.0.0.r2.ggc561118da
  constrains:
  - openmp_impl 9999
  - msys2-conda-epoch <0.0a0
  license: BSD-3-Clause
  license_family: BSD
  purls: []
  size: 49468
  timestamp: 1718213032772
- conda: https://conda.anaconda.org/conda-forge/win-64/bzip2-1.0.8-h0ad9c76_8.conda
  sha256: d882712855624641f48aa9dc3f5feea2ed6b4e6004585d3616386a18186fe692
  md5: 1077e9333c41ff0be8edd1a5ec0ddace
  depends:
  - ucrt >=10.0.20348.0
  - vc >=14.3,<15
  - vc14_runtime >=14.44.35208
  license: bzip2-1.0.6
  license_family: BSD
  purls: []
  size: 55977
  timestamp: 1757437738856
- conda: https://conda.anaconda.org/conda-forge/noarch/ca-certificates-2026.1.4-h4c7d964_0.conda
  sha256: 4ddcb01be03f85d3db9d881407fb13a673372f1b9fac9c836ea441893390e049
  md5: 84d389c9eee640dda3d26fc5335c67d8
  depends:
  - __win
  license: ISC
  purls: []
  size: 147139
  timestamp: 1767500904211
- conda: https://conda.anaconda.org/conda-forge/win-64/cuda-cudart-12.9.79-he0c23c2_0.conda
  sha256: a30cd9adf3a70d069d4d87c5728ec16778b77071629612ca5d8513cd92d89c09
  md5: 0a243d4f000a0d2f51dd94ee9132b234
  depends:
  - cuda-cudart_win-64 12.9.79 he0c23c2_0
  - cuda-version >=12.9,<12.10.0a0
  - ucrt >=10.0.20348.0
  - vc >=14.2,<15
  - vc14_runtime >=14.29.30139
  license: LicenseRef-NVIDIA-End-User-License-Agreement
  purls: []
  size: 170799
  timestamp: 1749218946117
- conda: https://conda.anaconda.org/conda-forge/noarch/cuda-cudart_win-64-12.9.79-he0c23c2_0.conda
  sha256: 6a89a53cdbcfafa0bb55abee1b58492c6a9a28e688abe04f48f0d01649c5f3e4
  md5: 71c9c2ab52226f990f268164381d8494
  depends:
  - cuda-version >=12.9,<12.10.0a0
  license: LicenseRef-NVIDIA-End-User-License-Agreement
  purls: []
  size: 23260
  timestamp: 1749218569458
- conda: https://conda.anaconda.org/conda-forge/win-64/cuda-cupti-12.9.79-hac47afa_1.conda
  sha256: 000838d027db031422233571e60a25c23ef4a9442b6b67ad03fdb5da8843b08b
  md5: 993441d383965156c2b75dc77b23590f
  depends:
  - cuda-version >=12.9,<12.10.0a0
  - ucrt >=10.0.20348.0
  - vc >=14.3,<15
  - vc14_runtime >=14.44.35208
  license: LicenseRef-NVIDIA-End-User-License-Agreement
  purls: []
  size: 4032155
  timestamp: 1761098925049
- conda: https://conda.anaconda.org/conda-forge/win-64/cuda-nvrtc-12.9.86-hac47afa_1.conda
  sha256: d90ef446ac859db26286a5d39d39333c4e4cee31ba5042b5c7922bd25de531f6
  md5: d68b5d96a53c80dc3dbbd8f7c3b8106d
  depends:
  - cuda-version >=12.9,<12.10.0a0
  - ucrt >=10.0.20348.0
  - vc >=14.3,<15
  - vc14_runtime >=14.44.35208
  license: LicenseRef-NVIDIA-End-User-License-Agreement
  purls: []
  size: 58467504
  timestamp: 1760723834711
- conda: https://conda.anaconda.org/conda-forge/noarch/cuda-version-12.9-h4f385c5_3.conda
  sha256: 5f5f428031933f117ff9f7fcc650e6ea1b3fef5936cf84aa24af79167513b656
  md5: b6d5d7f1c171cbd228ea06b556cfa859
  constrains:
  - cudatoolkit 12.9|12.9.*
  - __cuda >=12
  license: LicenseRef-NVIDIA-End-User-License-Agreement
  purls: []
  size: 21578
  timestamp: 1746134436166
- conda: https://conda.anaconda.org/conda-forge/win-64/cudnn-9.10.2.21-h32ff316_0.conda
  sha256: 8e727adf8d32b1c3bc84a0c2b4904a83971560dfe4d9303884c339490e236fac
  md5: 2b9bf7a6501798aabdf6de27c962a3b6
  depends:
  - cuda-version >=12,<13.0a0
  - libcudnn-dev 9.10.2.21 hca898b4_0
  - ucrt >=10.0.20348.0
  - vc >=14.3,<15
  - vc14_runtime >=14.44.35208
  constrains:
  - cudnn-jit <0a
  license: LicenseRef-cuDNN-Software-License-Agreement
  purls: []
  size: 19915
  timestamp: 1762823943653
- conda: https://conda.anaconda.org/conda-forge/noarch/filelock-3.20.2-pyhd8ed1ab_0.conda
  sha256: 8c4210ed4dc439e87528635e226042ddab9bf458d4d0a12e7ba48d6c5babd0f8
  md5: 7e7cf4d6c2be6991e6ae2b3f4331701c
  depends:
  - python >=3.10
  license: Unlicense
  purls:
  - pkg:pypi/filelock?source=compressed-mapping
  size: 18646
  timestamp: 1767377337824
- conda: https://conda.anaconda.org/conda-forge/win-64/fmt-12.0.0-h29169d4_0.conda
  sha256: e9996a61fc171dd16c6a2f71723091c9aa596a3360ced227ae5292b4c43d958c
  md5: 538a2d266f27a80a351f15873c3e0de7
  depends:
  - ucrt >=10.0.20348.0
  - vc >=14.3,<15
  - vc14_runtime >=14.44.35208
  license: MIT
  license_family: MIT
  purls: []
  size: 187703
  timestamp: 1760369874666
- conda: https://conda.anaconda.org/conda-forge/noarch/fsspec-2025.12.0-pyhd8ed1ab_0.conda
  sha256: 64a4ed910e39d96cd590d297982b229c57a08e70450d489faa34fd2bec36dbcc
  md5: a3b9510e2491c20c7fc0f5e730227fbb
  depends:
  - python >=3.10
  license: BSD-3-Clause
  license_family: BSD
  purls:
  - pkg:pypi/fsspec?source=compressed-mapping
  size: 147391
  timestamp: 1764784920938
- conda: https://conda.anaconda.org/conda-forge/win-64/icu-78.1-h637d24d_0.conda
  sha256: bee083d5a0f05c380fcec1f30a71ef5518b23563aeb0a21f6b60b792645f9689
  md5: cb8048bed35ef01431184d6a88e46b3e
  depends:
  - ucrt >=10.0.20348.0
  - vc >=14.3,<15
  - vc14_runtime >=14.44.35208
  license: MIT
  license_family: MIT
  purls: []
  size: 13849749
  timestamp: 1766299627069
- conda: https://conda.anaconda.org/conda-forge/noarch/jinja2-3.1.6-pyhcf101f3_1.conda
  sha256: fc9ca7348a4f25fed2079f2153ecdcf5f9cf2a0bc36c4172420ca09e1849df7b
  md5: 04558c96691bed63104678757beb4f8d
  depends:
  - markupsafe >=2.0
  - python >=3.10
  - python
  license: BSD-3-Clause
  license_family: BSD
  purls:
  - pkg:pypi/jinja2?source=compressed-mapping
  size: 120685
  timestamp: 1764517220861
- conda: https://conda.anaconda.org/conda-forge/noarch/joblib-1.5.3-pyhd8ed1ab_0.conda
  sha256: 301539229d7be6420c084490b8145583291123f0ce6b92f56be5948a2c83a379
  md5: 615de2a4d97af50c350e5cf160149e77
  depends:
  - python >=3.10
  - setuptools
  license: BSD-3-Clause
  license_family: BSD
  purls:
  - pkg:pypi/joblib?source=hash-mapping
  size: 226448
  timestamp: 1765794135253
- conda: https://conda.anaconda.org/conda-forge/win-64/libabseil-20250512.1-cxx17_habfad5f_0.conda
  sha256: 78790771f44e146396d9ae92efbe1022168295afd8d174f653a1fa16f0f0fa32
  md5: d6a4cd236fc1c69a1cfc9698fb5e391f
  depends:
  - ucrt >=10.0.20348.0
  - vc >=14.3,<15
  - vc14_runtime >=14.42.34438
  constrains:
  - libabseil-static =20250512.1=cxx17*
  - abseil-cpp =20250512.1
  license: Apache-2.0
  license_family: Apache
  purls: []
  size: 1615210
  timestamp: 1750194549591
- conda: https://conda.anaconda.org/conda-forge/win-64/libblas-3.11.0-5_hf2e6a31_mkl.conda
  build_number: 5
  sha256: f0cb7b2697461a306341f7ff32d5b361bb84f3e94478464c1e27ee01fc8f276b
  md5: f9decf88743af85c9c9e05556a4c47c0
  depends:
  - mkl >=2025.3.0,<2026.0a0
  constrains:
  - liblapack  3.11.0   5*_mkl
  - libcblas   3.11.0   5*_mkl
  - blas 2.305   mkl
  - liblapacke 3.11.0   5*_mkl
  license: BSD-3-Clause
  license_family: BSD
  purls: []
  size: 67438
  timestamp: 1765819100043
- conda: https://conda.anaconda.org/conda-forge/win-64/libcblas-3.11.0-5_h2a3cdd5_mkl.conda
  build_number: 5
  sha256: 49dc59d8e58360920314b8d276dd80da7866a1484a9abae4ee2760bc68f3e68d
  md5: b3fa8e8b55310ba8ef0060103afb02b5
  depends:
  - libblas 3.11.0 5_hf2e6a31_mkl
  constrains:
  - liblapack  3.11.0   5*_mkl
  - liblapacke 3.11.0   5*_mkl
  - blas 2.305   mkl
  license: BSD-3-Clause
  license_family: BSD
  purls: []
  size: 68079
  timestamp: 1765819124349
- conda: https://conda.anaconda.org/conda-forge/win-64/libcublas-12.9.1.4-hac47afa_1.conda
  sha256: 629605207179433f3b9bb5ea3820b111d55c370af93dc94e5c9675d8274657b3
  md5: bdd6edde7e11742ce9ddfd11a118eadf
  depends:
  - cuda-nvrtc
  - cuda-version >=12.9,<12.10.0a0
  - ucrt >=10.0.20348.0
  - vc >=14.3,<15
  - vc14_runtime >=14.44.35208
  license: LicenseRef-NVIDIA-End-User-License-Agreement
  purls: []
  size: 461113816
  timestamp: 1761086424177
- conda: https://conda.anaconda.org/conda-forge/win-64/libcudnn-9.10.2.21-hca898b4_0.conda
  sha256: 78781b67483691be180ba89c25a552c4133b3919e5349fcb4339def20bd9d899
  md5: 62541ff0c21c8f05ed9dbfd7a86955d1
  depends:
  - cuda-nvrtc
  - cuda-version >=12,<13.0a0
  - libcublas
  - ucrt >=10.0.20348.0
  - vc >=14.3,<15
  - vc14_runtime >=14.44.35208
  constrains:
  - libcudnn-jit <0a
  license: LicenseRef-cuDNN-Software-License-Agreement
  purls: []
  size: 509727349
  timestamp: 1762823477454
- conda: https://conda.anaconda.org/conda-forge/win-64/libcudnn-dev-9.10.2.21-hca898b4_0.conda
  sha256: 5b7a2e1391e21ef6854336dd70ed941a1ac460f9806675facfb63f0611242cc9
  md5: 9a203bd438e5d6443f9554abb55b935c
  depends:
  - cuda-version >=12,<13.0a0
  - libcudnn 9.10.2.21 hca898b4_0
  - ucrt >=10.0.20348.0
  - vc >=14.3,<15
  - vc14_runtime >=14.44.35208
  constrains:
  - libcudnn-jit-dev <0a
  license: LicenseRef-cuDNN-Software-License-Agreement
  purls: []
  size: 156365
  timestamp: 1762823920059
- conda: https://conda.anaconda.org/conda-forge/win-64/libcudss-0.7.1.4-hca898b4_0.conda
  sha256: 2e68f6b2d3dd396c755fd79707d706542b14b77aa9d3ea1acbd42a12a37a0128
  md5: 6c2e8afa20c02d41009a29c688386297
  depends:
  - _openmp_mutex >=4.5
  - cuda-version >=12,<13.0a0
  - libcublas
  - libgomp >=15.2.0
  - ucrt >=10.0.20348.0
  - vc >=14.3,<15
  - vc14_runtime >=14.44.35208
  constrains:
  - libcudss-commlayer-nccl 0.7.1.4 0
  - libcudss-commlayer-mpi 0.7.1.4 0
  - libcudss0 <0.0.0a0
  license: LicenseRef-NVIDIA-End-User-License-Agreement
  purls: []
  size: 61127411
  timestamp: 1761105599209
- conda: https://conda.anaconda.org/conda-forge/win-64/libcufft-11.4.1.4-hac47afa_1.conda
  sha256: 9d755ae6128769ee197238fd993c4daa97e2c2c394323b03bac4b94e177d4972
  md5: 1547ebf91f130492fd7bfe6748e6d23b
  depends:
  - cuda-version >=12.9,<12.10.0a0
  - ucrt >=10.0.20348.0
  - vc >=14.3,<15
  - vc14_runtime >=14.44.35208
  license: LicenseRef-NVIDIA-End-User-License-Agreement
  purls: []
  size: 162171526
  timestamp: 1761099148426
- conda: https://conda.anaconda.org/conda-forge/win-64/libcurand-10.3.10.19-hac47afa_1.conda
  sha256: e5fb6ca446ef515a5b6561988e5fadc71a2b357616dbb02df8d7df6ed2c24e46
  md5: f8b43abcc1031aca485831b1ff766366
  depends:
  - cuda-version >=12.9,<12.10.0a0
  - ucrt >=10.0.20348.0
  - vc >=14.3,<15
  - vc14_runtime >=14.44.35208
  license: LicenseRef-NVIDIA-End-User-License-Agreement
  purls: []
  size: 49021542
  timestamp: 1761099077924
- conda: https://conda.anaconda.org/conda-forge/win-64/libcusolver-11.7.5.82-hac47afa_2.conda
  sha256: 7bbd188934bb39f9cca8def66adb42be57902541fa021731c9f27ae9f46a4c18
  md5: 59a5f0be437b7a6a534c5d463d2e9530
  depends:
  - cuda-version >=12.9,<12.10.0a0
  - libcublas >=12.9.1.4,<12.10.0a0
  - libcusparse >=12.5.10.65,<12.6.0a0
  - libnvjitlink >=12.9.86,<13.0a0
  - ucrt >=10.0.20348.0
  - vc >=14.3,<15
  - vc14_runtime >=14.44.35208
  license: LicenseRef-NVIDIA-End-User-License-Agreement
  purls: []
  size: 198154494
  timestamp: 1761099032394
- conda: https://conda.anaconda.org/conda-forge/win-64/libcusparse-12.5.10.65-hac47afa_2.conda
  sha256: fc911af27ab28af77d4b7203c6c9ebb15f4ddf27af8e8331d9a9983f4dd96483
  md5: 4e84a8282a9c1802ec4f516090164228
  depends:
  - cuda-version >=12.9,<12.10.0a0
  - libnvjitlink >=12.9.86,<13.0a0
  - ucrt >=10.0.20348.0
  - vc >=14.3,<15
  - vc14_runtime >=14.44.35208
  license: LicenseRef-NVIDIA-End-User-License-Agreement
  purls: []
  size: 206424726
  timestamp: 1761069999907
- conda: https://conda.anaconda.org/conda-forge/win-64/libexpat-2.7.3-hac47afa_0.conda
  sha256: 844ab708594bdfbd7b35e1a67c379861bcd180d6efe57b654f482ae2f7f5c21e
  md5: 8c9e4f1a0e688eef2e95711178061a0f
  depends:
  - ucrt >=10.0.20348.0
  - vc >=14.3,<15
  - vc14_runtime >=14.44.35208
  constrains:
  - expat 2.7.3.*
  license: MIT
  license_family: MIT
  purls: []
  size: 70137
  timestamp: 1763550049107
- conda: https://conda.anaconda.org/conda-forge/win-64/libffi-3.5.2-h52bdfb6_0.conda
  sha256: ddff25aaa4f0aa535413f5d831b04073789522890a4d8626366e43ecde1534a3
  md5: ba4ad812d2afc22b9a34ce8327a0930f
  depends:
  - ucrt >=10.0.20348.0
  - vc >=14.3,<15
  - vc14_runtime >=14.44.35208
  license: MIT
  license_family: MIT
  purls: []
  size: 44866
  timestamp: 1760295760649
- conda: https://conda.anaconda.org/conda-forge/win-64/libgomp-15.2.0-h8ee18e1_16.conda
  sha256: 9c86aadc1bd9740f2aca291da8052152c32dd1c617d5d4fd0f334214960649bb
  md5: ab8189163748f95d4cb18ea1952943c3
  depends:
  - libwinpthread >=12.0.0.r4.gg4f2fc60ca
  constrains:
  - msys2-conda-epoch <0.0a0
  license: GPL-3.0-only WITH GCC-exception-3.1
  license_family: GPL
  purls: []
  size: 663567
  timestamp: 1765260367147
- conda: https://conda.anaconda.org/conda-forge/win-64/libhwloc-2.12.1-default_h4379cf1_1003.conda
  sha256: 2d534c09f92966b885acb3f4a838f7055cea043165a03079a539b06c54e20a49
  md5: d1699ce4fe195a9f61264a1c29b87035
  depends:
  - libwinpthread >=12.0.0.r4.gg4f2fc60ca
  - libxml2
  - libxml2-16 >=2.14.6
  - ucrt >=10.0.20348.0
  - vc >=14.3,<15
  - vc14_runtime >=14.44.35208
  license: BSD-3-Clause
  license_family: BSD
  purls: []
  size: 2412642
  timestamp: 1765090345611
- conda: https://conda.anaconda.org/conda-forge/win-64/libiconv-1.18-hc1393d2_2.conda
  sha256: 0dcdb1a5f01863ac4e8ba006a8b0dc1a02d2221ec3319b5915a1863254d7efa7
  md5: 64571d1dd6cdcfa25d0664a5950fdaa2
  depends:
  - ucrt >=10.0.20348.0
  - vc >=14.3,<15
  - vc14_runtime >=14.44.35208
  license: LGPL-2.1-only
  purls: []
  size: 696926
  timestamp: 1754909290005
- conda: https://conda.anaconda.org/conda-forge/win-64/liblapack-3.11.0-5_hf9ab0e9_mkl.conda
  build_number: 5
  sha256: a2d33f5cc2b8a9042f2af6981c6733ab1a661463823eaa56595a9c58c0ab77e1
  md5: e62c42a4196dee97d20400612afcb2b1
  depends:
  - libblas 3.11.0 5_hf2e6a31_mkl
  constrains:
  - libcblas   3.11.0   5*_mkl
  - blas 2.305   mkl
  - liblapacke 3.11.0   5*_mkl
  license: BSD-3-Clause
  license_family: BSD
  purls: []
  size: 80225
  timestamp: 1765819148014
- conda: https://conda.anaconda.org/conda-forge/win-64/liblzma-5.8.1-h2466b09_2.conda
  sha256: 55764956eb9179b98de7cc0e55696f2eff8f7b83fc3ebff5e696ca358bca28cc
  md5: c15148b2e18da456f5108ccb5e411446
  depends:
  - ucrt >=10.0.20348.0
  - vc >=14.2,<15
  - vc14_runtime >=14.29.30139
  constrains:
  - xz 5.8.1.*
  license: 0BSD
  purls: []
  size: 104935
  timestamp: 1749230611612
- conda: https://conda.anaconda.org/conda-forge/win-64/libmagma-2.9.0-hb6a17ea_3.conda
  sha256: dc2e840133af1aa7f415d527711ec38fc2acf3a7a12647852be916eca6a97571
  md5: 1fad5491b97e1e4f72ad59b7a7ecd082
  depends:
  - cuda-cudart >=12.9.79,<13.0a0
  - cuda-version >=12.9,<13
  - libblas >=3.9.0,<4.0a0
  - libcublas >=12.9.1.4,<13.0a0
  - libcusparse >=12.5.10.65,<13.0a0
  - liblapack >=3.9.0,<4.0a0
  - ucrt >=10.0.20348.0
  - vc >=14.3,<15
  - vc14_runtime >=14.44.35208
  license: BSD-3-Clause
  license_family: BSD
  purls: []
  size: 463270402
  timestamp: 1757955874101
- conda: https://conda.anaconda.org/conda-forge/win-64/libmpdec-4.0.0-h2466b09_0.conda
  sha256: fc529fc82c7caf51202cc5cec5bb1c2e8d90edbac6d0a4602c966366efe3c7bf
  md5: 74860100b2029e2523cf480804c76b9b
  depends:
  - ucrt >=10.0.20348.0
  - vc >=14.2,<15
  - vc14_runtime >=14.29.30139
  license: BSD-2-Clause
  license_family: BSD
  purls: []
  size: 88657
  timestamp: 1723861474602
- conda: https://conda.anaconda.org/conda-forge/win-64/libnvjitlink-12.9.86-hac47afa_2.conda
  sha256: adf35938c9ecd77d27c87ef870f7710ee422933ad95d1aac136ff39e7af0551f
  md5: feaee6b1ab0e7ed9152dc88e1b0eeddd
  depends:
  - cuda-version >=12,<12.10.0a0
  - ucrt >=10.0.20348.0
  - vc >=14.3,<15
  - vc14_runtime >=14.44.35208
  license: LicenseRef-NVIDIA-End-User-License-Agreement
  purls: []
  size: 27343190
  timestamp: 1760724535115
- conda: https://conda.anaconda.org/conda-forge/win-64/libprotobuf-6.31.1-hdcda5b4_4.conda
  sha256: a0f78f254f5833c8ec3ac38caf5dd7d826b5d7496df5aebc4b11baabd741e041
  md5: 2031f591ca8c1289838a4f85ea1c7e74
  depends:
  - libabseil * cxx17*
  - libabseil >=20250512.1,<20250513.0a0
  - libzlib >=1.3.1,<2.0a0
  - ucrt >=10.0.20348.0
  - vc >=14.3,<15
  - vc14_runtime >=14.44.35208
  license: BSD-3-Clause
  license_family: BSD
  purls: []
  size: 7488966
  timestamp: 1766316540495
- conda: https://conda.anaconda.org/conda-forge/win-64/libsqlite-3.51.1-hf5d6505_1.conda
  sha256: d6d86715a1afe11f626b7509935e9d2e14a4946632c0ac474526e20fc6c55f99
  md5: be65be5f758709fc01b01626152e96b0
  depends:
  - ucrt >=10.0.20348.0
  - vc >=14.3,<15
  - vc14_runtime >=14.44.35208
  license: blessing
  purls: []
  size: 1292859
  timestamp: 1766319616777
- conda: https://conda.anaconda.org/conda-forge/win-64/libtorch-2.9.1-cuda128_mkl_hbf96477_300.conda
  sha256: 0694ee2068852f350640494f546cb70e61f283ac1bcc5faf150a91d6608bd211
  md5: 611903d9f1c9297e93cc01bc41c7b415
  depends:
  - cuda-cudart >=12.8.90,<13.0a0
  - cuda-cupti >=12.8.90,<13.0a0
  - cuda-nvrtc >=12.8.93,<13.0a0
  - cuda-version >=12.8,<13
  - cudnn >=9.10.2.21,<10.0a0
  - fmt >=12.0.0,<12.1.0a0
  - libabseil * cxx17*
  - libabseil >=20250512.1,<20250513.0a0
  - libblas * *mkl
  - libcblas >=3.11.0,<4.0a0
  - libcublas >=12.8.4.1,<13.0a0
  - libcudss >=0.7.1.4,<0.7.2.0a0
  - libcufft >=11.3.3.83,<12.0a0
  - libcurand >=10.3.9.90,<11.0a0
  - libcusolver >=11.7.3.90,<12.0a0
  - libcusparse >=12.5.8.93,<13.0a0
  - libmagma >=2.9.0,<2.9.1.0a0
  - libprotobuf >=6.31.1,<6.31.2.0a0
  - libuv >=1.51.0,<2.0a0
  - libzlib >=1.3.1,<2.0a0
  - llvm-openmp >=21.1.6
  - mkl >=2025.3.0,<2026.0a0
  - pybind11-abi 11
  - sleef >=3.9.0,<4.0a0
  - ucrt >=10.0.20348.0
  - vc >=14.3,<15
  - vc14_runtime >=14.44.35208
  constrains:
  - pytorch 2.9.1 cuda128_mkl_*_300
  - pytorch-cpu <0.0a0
  - pytorch-gpu 2.9.1
  license: BSD-3-Clause
  license_family: BSD
  purls: []
  size: 544823555
  timestamp: 1764053411479
- conda: https://conda.anaconda.org/conda-forge/win-64/libuv-1.51.0-hfd05255_1.conda
  sha256: f03dc82e6fb1725788e73ae97f0cd3d820d5af0d351a274104a0767035444c59
  md5: 31e1545994c48efc3e6ea32ca02a8724
  depends:
  - ucrt >=10.0.20348.0
  - vc >=14.3,<15
  - vc14_runtime >=14.44.35208
  license: MIT
  license_family: MIT
  purls: []
  size: 297087
  timestamp: 1753948490874
- conda: https://conda.anaconda.org/conda-forge/win-64/libwinpthread-12.0.0.r4.gg4f2fc60ca-h57928b3_10.conda
  sha256: 0fccf2d17026255b6e10ace1f191d0a2a18f2d65088fd02430be17c701f8ffe0
  md5: 8a86073cf3b343b87d03f41790d8b4e5
  depends:
  - ucrt
  constrains:
  - pthreads-win32 <0.0a0
  - msys2-conda-epoch <0.0a0
  license: MIT AND BSD-3-Clause-Clear
  purls: []
  size: 36621
  timestamp: 1759768399557
- conda: https://conda.anaconda.org/conda-forge/win-64/libxml2-2.15.1-h779ef1b_1.conda
  sha256: 8b47d5fb00a6ccc0f495d16787ab5f37a434d51965584d6000966252efecf56d
  md5: 68dc154b8d415176c07b6995bd3a65d9
  depends:
  - icu >=78.1,<79.0a0
  - libiconv >=1.18,<2.0a0
  - liblzma >=5.8.1,<6.0a0
  - libxml2-16 2.15.1 h3cfd58e_1
  - libzlib >=1.3.1,<2.0a0
  - ucrt >=10.0.20348.0
  - vc >=14.3,<15
  - vc14_runtime >=14.44.35208
  license: MIT
  license_family: MIT
  purls: []
  size: 43387
  timestamp: 1766327259710
- conda: https://conda.anaconda.org/conda-forge/win-64/libxml2-16-2.15.1-h3cfd58e_1.conda
  sha256: a857e941156b7f462063e34e086d212c6ccbc1521ebdf75b9ed66bd90add57dc
  md5: 07d73826fde28e7dbaec52a3297d7d26
  depends:
  - icu >=78.1,<79.0a0
  - libiconv >=1.18,<2.0a0
  - liblzma >=5.8.1,<6.0a0
  - libzlib >=1.3.1,<2.0a0
  - ucrt >=10.0.20348.0
  - vc >=14.3,<15
  - vc14_runtime >=14.44.35208
  constrains:
  - libxml2 2.15.1
  license: MIT
  license_family: MIT
  purls: []
  size: 518964
  timestamp: 1766327232819
- conda: https://conda.anaconda.org/conda-forge/win-64/libzlib-1.3.1-h2466b09_2.conda
  sha256: ba945c6493449bed0e6e29883c4943817f7c79cbff52b83360f7b341277c6402
  md5: 41fbfac52c601159df6c01f875de31b9
  depends:
  - ucrt >=10.0.20348.0
  - vc >=14.2,<15
  - vc14_runtime >=14.29.30139
  constrains:
  - zlib 1.3.1 *_2
  license: Zlib
  license_family: Other
  purls: []
  size: 55476
  timestamp: 1727963768015
- conda: https://conda.anaconda.org/conda-forge/win-64/llvm-openmp-21.1.8-h4fa8253_0.conda
  sha256: 145c4370abe870f10987efa9fc15a8383f1dab09abbc9ad4ff15a55d45658f7b
  md5: 0d8b425ac862bcf17e4b28802c9351cb
  depends:
  - ucrt >=10.0.20348.0
  - vc >=14.3,<15
  - vc14_runtime >=14.44.35208
  constrains:
  - intel-openmp <0.0a0
  - openmp 21.1.8|21.1.8.*
  license: Apache-2.0 WITH LLVM-exception
  license_family: APACHE
  purls: []
  size: 347566
  timestamp: 1765964942856
- conda: https://conda.anaconda.org/conda-forge/win-64/markupsafe-3.0.3-py313hd650c13_0.conda
  sha256: 988d14095c1392e055fd75e24544da2db01ade73b0c2f99ddc8e2b8678ead4cc
  md5: 47eaaa4405741beb171ea6edc6eaf874
  depends:
  - python >=3.13,<3.14.0a0
  - python_abi 3.13.* *_cp313
  - ucrt >=10.0.20348.0
  - vc >=14.3,<15
  - vc14_runtime >=14.44.35208
  constrains:
  - jinja2 >=3.0.0
  license: BSD-3-Clause
  license_family: BSD
  purls:
  - pkg:pypi/markupsafe?source=hash-mapping
  size: 28959
  timestamp: 1759055685616
- conda: https://conda.anaconda.org/conda-forge/win-64/mkl-2025.3.0-hac47afa_455.conda
  sha256: b2b4c84b95210760e4d12319416c60ab66e03674ccdcbd14aeb59f82ebb1318d
  md5: fd05d1e894497b012d05a804232254ed
  depends:
  - llvm-openmp >=21.1.8
  - tbb >=2022.3.0
  - ucrt >=10.0.20348.0
  - vc >=14.3,<15
  - vc14_runtime >=14.44.35208
  license: LicenseRef-IntelSimplifiedSoftwareOct2022
  license_family: Proprietary
  purls: []
  size: 100224829
  timestamp: 1767634557029
- conda: https://conda.anaconda.org/conda-forge/noarch/mpmath-1.3.0-pyhd8ed1ab_1.conda
  sha256: 7d7aa3fcd6f42b76bd711182f3776a02bef09a68c5f117d66b712a6d81368692
  md5: 3585aa87c43ab15b167b574cd73b057b
  depends:
  - python >=3.9
  license: BSD-3-Clause
  license_family: BSD
  purls:
  - pkg:pypi/mpmath?source=hash-mapping
  size: 439705
  timestamp: 1733302781386
- conda: https://conda.anaconda.org/conda-forge/noarch/networkx-3.6.1-pyhcf101f3_0.conda
  sha256: f6a82172afc50e54741f6f84527ef10424326611503c64e359e25a19a8e4c1c6
  md5: a2c1eeadae7a309daed9d62c96012a2b
  depends:
  - python >=3.11
  - python
  constrains:
  - numpy >=1.25
  - scipy >=1.11.2
  - matplotlib-base >=3.8
  - pandas >=2.0
  license: BSD-3-Clause
  license_family: BSD
  purls:
  - pkg:pypi/networkx?source=compressed-mapping
  size: 1587439
  timestamp: 1765215107045
- conda: https://conda.anaconda.org/conda-forge/win-64/numpy-2.4.0-py313hce7ae62_0.conda
  sha256: 3d3fb961e11622041d3c525015ba5fe5a3f95cadf6ba7aa5cc24c242d748a4f6
  md5: 2d4e43bbb5f93c0ce9bf59f53909108e
  depends:
  - python
  - vc >=14.3,<15
  - vc14_runtime >=14.44.35208
  - ucrt >=10.0.20348.0
  - libcblas >=3.9.0,<4.0a0
  - liblapack >=3.9.0,<4.0a0
  - libblas >=3.9.0,<4.0a0
  - python_abi 3.13.* *_cp313
  constrains:
  - numpy-base <0a0
  license: BSD-3-Clause
  license_family: BSD
  purls:
  - pkg:pypi/numpy?source=hash-mapping
  size: 7248376
  timestamp: 1766373836042
- conda: https://conda.anaconda.org/conda-forge/win-64/openssl-3.6.0-h725018a_0.conda
  sha256: 6d72d6f766293d4f2aa60c28c244c8efed6946c430814175f959ffe8cab899b3
  md5: 84f8fb4afd1157f59098f618cd2437e4
  depends:
  - ca-certificates
  - ucrt >=10.0.20348.0
  - vc >=14.3,<15
  - vc14_runtime >=14.44.35208
  license: Apache-2.0
  license_family: Apache
  purls: []
  size: 9440812
  timestamp: 1762841722179
- conda: https://conda.anaconda.org/conda-forge/win-64/optree-0.18.0-py313hf069bd2_0.conda
  sha256: b09c33dc5a16a55189f6ae16bb299498069b15550b965b7069cbb1f4b6189e81
  md5: 23d794ca4b626d986cd77b999d035701
  depends:
  - python >=3.13,<3.14.0a0
  - python_abi 3.13.* *_cp313
  - typing-extensions >=4.12
  - ucrt >=10.0.20348.0
  - vc >=14.3,<15
  - vc14_runtime >=14.44.35208
  license: Apache-2.0
  license_family: Apache
  purls:
  - pkg:pypi/optree?source=hash-mapping
  size: 364902
  timestamp: 1763124728150
- conda: https://conda.anaconda.org/conda-forge/win-64/pandas-2.3.3-py313hc90dcd4_2.conda
  sha256: 807f77a7b6f3029a71ec0292db50ab540f764c7c250faf0802791f661ce18f6c
  md5: cbac92ffc6114c9660218136c65878b4
  depends:
  - numpy >=1.22.4
  - numpy >=1.23,<3
  - python >=3.13,<3.14.0a0
  - python-dateutil >=2.8.2
  - python-tzdata >=2022.7
  - python_abi 3.13.* *_cp313
  - pytz >=2020.1
  - ucrt >=10.0.20348.0
  - vc >=14.3,<15
  - vc14_runtime >=14.44.35208
  constrains:
  - xlsxwriter >=3.0.5
  - psycopg2 >=2.9.6
  - beautifulsoup4 >=4.11.2
  - lxml >=4.9.2
  - sqlalchemy >=2.0.0
  - tzdata >=2022.7
  - s3fs >=2022.11.0
  - pyreadstat >=1.2.0
  - tabulate >=0.9.0
  - odfpy >=1.4.1
  - matplotlib >=3.6.3
  - pytables >=3.8.0
  - numba >=0.56.4
  - xarray >=2022.12.0
  - blosc >=1.21.3
  - gcsfs >=2022.11.0
  - python-calamine >=0.1.7
  - xlrd >=2.0.1
  - zstandard >=0.19.0
  - pyxlsb >=1.0.10
  - bottleneck >=1.3.6
  - scipy >=1.10.0
  - fastparquet >=2022.12.0
  - pyarrow >=10.0.1
  - openpyxl >=3.1.0
  - fsspec >=2022.11.0
  - pandas-gbq >=0.19.0
  - qtpy >=2.3.0
  - html5lib >=1.1
  - numexpr >=2.8.4
  - pyqt5 >=5.15.9
  license: BSD-3-Clause
  license_family: BSD
  purls:
  - pkg:pypi/pandas?source=hash-mapping
  size: 13807691
  timestamp: 1764615160918
- conda: https://conda.anaconda.org/conda-forge/noarch/pybind11-3.0.1-pyh7a1b43c_0.conda
  sha256: 2558727093f13d4c30e124724566d16badd7de532fd8ee7483628977117d02be
  md5: 70ece62498c769280f791e836ac53fff
  depends:
  - python >=3.8
  - pybind11-global ==3.0.1 *_0
  - python
  constrains:
  - pybind11-abi ==11
  license: BSD-3-Clause
  license_family: BSD
  purls:
  - pkg:pypi/pybind11?source=hash-mapping
  size: 232875
  timestamp: 1755953378112
- conda: https://conda.anaconda.org/conda-forge/noarch/pybind11-abi-11-hc364b38_1.conda
  sha256: 9e7fe12f727acd2787fb5816b2049cef4604b7a00ad3e408c5e709c298ce8bf1
  md5: f0599959a2447c1e544e216bddf393fa
  license: BSD-3-Clause
  license_family: BSD
  purls: []
  size: 14671
  timestamp: 1752769938071
- conda: https://conda.anaconda.org/conda-forge/noarch/pybind11-global-3.0.1-pyh5e4992e_0.conda
  sha256: fff9c4f726644a1889a4b631aca547d8f302c72109d75518ae32997a3d54f23a
  md5: 58564979e28f8b18955ec56c4dc6b252
  depends:
  - python >=3.8
  - __win
  - python
  constrains:
  - pybind11-abi ==11
  license: BSD-3-Clause
  license_family: BSD
  purls:
  - pkg:pypi/pybind11-global?source=hash-mapping
  size: 227797
  timestamp: 1755953378113
- conda: https://conda.anaconda.org/conda-forge/win-64/python-3.13.11-h09917c8_100_cp313.conda
  build_number: 100
  sha256: 0ee0402368783e1fad10025719530499c517a3dbbdfbe18351841d9b7aef1d6a
  md5: 9e4c9a7ee9c4ab5b3778ab73e583283e
  depends:
  - bzip2 >=1.0.8,<2.0a0
  - libexpat >=2.7.3,<3.0a0
  - libffi >=3.5.2,<3.6.0a0
  - liblzma >=5.8.1,<6.0a0
  - libmpdec >=4.0.0,<5.0a0
  - libsqlite >=3.51.1,<4.0a0
  - libzlib >=1.3.1,<2.0a0
  - openssl >=3.5.4,<4.0a0
  - python_abi 3.13.* *_cp313
  - tk >=8.6.13,<8.7.0a0
  - tzdata
  - ucrt >=10.0.20348.0
  - vc >=14.3,<15
  - vc14_runtime >=14.44.35208
  license: Python-2.0
  purls: []
  size: 16617922
  timestamp: 1765019627175
  python_site_packages_path: Lib/site-packages
- conda: https://conda.anaconda.org/conda-forge/noarch/python-dateutil-2.9.0.post0-pyhe01879c_2.conda
  sha256: d6a17ece93bbd5139e02d2bd7dbfa80bee1a4261dced63f65f679121686bf664
  md5: 5b8d21249ff20967101ffa321cab24e8
  depends:
  - python >=3.9
  - six >=1.5
  - python
  license: Apache-2.0
  license_family: APACHE
  purls:
  - pkg:pypi/python-dateutil?source=hash-mapping
  size: 233310
  timestamp: 1751104122689
- conda: https://conda.anaconda.org/conda-forge/noarch/python-tzdata-2025.3-pyhd8ed1ab_0.conda
  sha256: 467134ef39f0af2dbb57d78cb3e4821f01003488d331a8dd7119334f4f47bfbd
  md5: 7ead57407430ba33f681738905278d03
  depends:
  - python >=3.10
  license: Apache-2.0
  license_family: APACHE
  purls:
  - pkg:pypi/tzdata?source=compressed-mapping
  size: 143542
  timestamp: 1765719982349
- conda: https://conda.anaconda.org/conda-forge/noarch/python_abi-3.13-8_cp313.conda
  build_number: 8
  sha256: 210bffe7b121e651419cb196a2a63687b087497595c9be9d20ebe97dd06060a7
  md5: 94305520c52a4aa3f6c2b1ff6008d9f8
  constrains:
  - python 3.13.* *_cp313
  license: BSD-3-Clause
  license_family: BSD
  purls: []
  size: 7002
  timestamp: 1752805902938
- conda: https://conda.anaconda.org/conda-forge/win-64/pytorch-2.9.1-cuda128_mkl_py313_h7f80487_300.conda
  sha256: 7b3d6564906d126210ad9a415efadbda180c62e2523c5c9126de273034cb53fd
  md5: 86175a7ce832916ed9aa64ec54cb908b
  depends:
  - __cuda
  - cuda-cudart >=12.8.90,<13.0a0
  - cuda-cupti >=12.8.90,<13.0a0
  - cuda-nvrtc >=12.8.93,<13.0a0
  - cuda-version >=12.8,<13
  - cudnn >=9.10.2.21,<10.0a0
  - filelock
  - fmt >=12.0.0,<12.1.0a0
  - fsspec
  - jinja2
  - libabseil * cxx17*
  - libabseil >=20250512.1,<20250513.0a0
  - libblas * *mkl
  - libcblas >=3.11.0,<4.0a0
  - libcublas >=12.8.4.1,<13.0a0
  - libcudss >=0.7.1.4,<0.7.2.0a0
  - libcufft >=11.3.3.83,<12.0a0
  - libcurand >=10.3.9.90,<11.0a0
  - libcusolver >=11.7.3.90,<12.0a0
  - libcusparse >=12.5.8.93,<13.0a0
  - libmagma >=2.9.0,<2.9.1.0a0
  - libprotobuf >=6.31.1,<6.31.2.0a0
  - libtorch 2.9.1 cuda128_mkl_hbf96477_300
  - libuv >=1.51.0,<2.0a0
  - libzlib >=1.3.1,<2.0a0
  - llvm-openmp >=21.1.6
  - mkl >=2025.3.0,<2026.0a0
  - networkx
  - numpy >=1.23,<3
  - optree >=0.13.0
  - pybind11
  - pybind11-abi 11
  - python >=3.13,<3.14.0a0
  - python_abi 3.13.* *_cp313
  - setuptools
  - sleef >=3.9.0,<4.0a0
  - sympy >=1.13.3
  - typing_extensions >=4.10.0
  - ucrt >=10.0.20348.0
  - vc >=14.3,<15
  - vc14_runtime >=14.44.35208
  constrains:
  - pytorch-cpu <0.0a0
  - pytorch-gpu 2.9.1
  license: BSD-3-Clause
  license_family: BSD
  purls:
  - pkg:pypi/torch?source=hash-mapping
  size: 23486537
  timestamp: 1764057534848
- conda: https://conda.anaconda.org/conda-forge/win-64/pytorch-gpu-2.9.1-cuda128_mkl_hc88b545_300.conda
  sha256: d792e0f2484602740db8cd0e792d0a02868bf35bfe5c74926243bfc70cfe77a6
  md5: 5e5d33170ccadec46b57d0ef0eea7c39
  depends:
  - pytorch 2.9.1 cuda*_mkl*300
  license: BSD-3-Clause
  license_family: BSD
  purls: []
  size: 51059
  timestamp: 1764066709921
- conda: https://conda.anaconda.org/conda-forge/noarch/pytz-2025.2-pyhd8ed1ab_0.conda
  sha256: 8d2a8bf110cc1fc3df6904091dead158ba3e614d8402a83e51ed3a8aa93cdeb0
  md5: bc8e3267d44011051f2eb14d22fb0960
  depends:
  - python >=3.9
  license: MIT
  license_family: MIT
  purls:
  - pkg:pypi/pytz?source=hash-mapping
  size: 189015
  timestamp: 1742920947249
- conda: https://conda.anaconda.org/conda-forge/win-64/scikit-learn-1.8.0-np2py313h4ce4a18_1.conda
  sha256: 8b69613ebb401fd80d00316b729950c0a1b0ee9d27c8848adf5f3e7619c4e50c
  md5: 1a636c8e6f5b92fca019972db0ed348e
  depends:
  - python
  - numpy >=1.24.1
  - scipy >=1.10.0
  - joblib >=1.3.0
  - threadpoolctl >=3.2.0
  - vc >=14.3,<15
  - vc14_runtime >=14.44.35208
  - ucrt >=10.0.20348.0
  - numpy >=1.23,<3
  - python_abi 3.13.* *_cp313
  license: BSD-3-Clause
  license_family: BSD
  purls:
  - pkg:pypi/scikit-learn?source=hash-mapping
  size: 9043928
  timestamp: 1765801249980
- conda: https://conda.anaconda.org/conda-forge/win-64/scipy-1.16.3-py313he51e9a2_2.conda
  sha256: 997a2202126425438a16de7ef1e5e924bd66feb43bda5b71326e281c7331489d
  md5: a49556572438d5477f1eca06bb6d0770
  depends:
  - libblas >=3.9.0,<4.0a0
  - libcblas >=3.9.0,<4.0a0
  - liblapack >=3.9.0,<4.0a0
  - numpy <2.6
  - numpy >=1.23,<3
  - numpy >=1.25.2
  - python >=3.13,<3.14.0a0
  - python_abi 3.13.* *_cp313
  - ucrt >=10.0.20348.0
  - vc >=14.3,<15
  - vc14_runtime >=14.44.35208
  license: BSD-3-Clause
  license_family: BSD
  purls:
  - pkg:pypi/scipy?source=hash-mapping
  size: 15066293
  timestamp: 1766109539389
- conda: https://conda.anaconda.org/conda-forge/noarch/setuptools-80.9.0-pyhff2d567_0.conda
  sha256: 972560fcf9657058e3e1f97186cc94389144b46dbdf58c807ce62e83f977e863
  md5: 4de79c071274a53dcaf2a8c749d1499e
  depends:
  - python >=3.9
  license: MIT
  license_family: MIT
  purls:
  - pkg:pypi/setuptools?source=hash-mapping
  size: 748788
  timestamp: 1748804951958
- conda: https://conda.anaconda.org/conda-forge/noarch/six-1.17.0-pyhe01879c_1.conda
  sha256: 458227f759d5e3fcec5d9b7acce54e10c9e1f4f4b7ec978f3bfd54ce4ee9853d
  md5: 3339e3b65d58accf4ca4fb8748ab16b3
  depends:
  - python >=3.9
  - python
  license: MIT
  license_family: MIT
  purls:
  - pkg:pypi/six?source=hash-mapping
  size: 18455
  timestamp: 1753199211006
- conda: https://conda.anaconda.org/conda-forge/win-64/sleef-3.9.0-h67fd636_0.conda
  sha256: 1ad2f42ff6c94256ab79ab1c5725d322a4e11737bd4dd91454feeff978f4cf38
  md5: b9b2c54ede806361393491042f0835aa
  depends:
  - ucrt >=10.0.20348.0
  - vc >=14.3,<15
  - vc14_runtime >=14.44.35208
  license: BSL-1.0
  purls: []
  size: 2294375
  timestamp: 1756275262440
- conda: https://conda.anaconda.org/conda-forge/noarch/sympy-1.14.0-pyh04b8f61_5.conda
  sha256: 60f18c60f6518254f0d28e4892e94c851cdbd650f7bd49899a6169f76cf6796b
  md5: d814547f1cbcb6f8397ca5686fee8175
  depends:
  - mpmath >=0.19
  - python >=3.9
  license: BSD-3-Clause
  license_family: BSD
  purls:
  - pkg:pypi/sympy?source=hash-mapping
  size: 4608875
  timestamp: 1745946180513
- conda: https://conda.anaconda.org/conda-forge/win-64/tbb-2022.3.0-hd094cb3_1.conda
  sha256: c31cac57913a699745d124cdc016a63e31c5749f16f60b3202414d071fc50573
  md5: 17c38aaf14c640b85c4617ccb59c1146
  depends:
  - libhwloc >=2.12.1,<2.12.2.0a0
  - ucrt >=10.0.20348.0
  - vc >=14.3,<15
  - vc14_runtime >=14.44.35208
  license: Apache-2.0
  license_family: APACHE
  purls: []
  size: 155714
  timestamp: 1762510341121
- pypi: ./
  name: tgn
  version: 0.1.0
  sha256: 7c5ed299f0759876fa46ce7d2a0b0697a71897c365dc1fd572e1a387e9b8141b
  requires_python: '>=3.11'
  editable: true
- conda: https://conda.anaconda.org/conda-forge/noarch/threadpoolctl-3.6.0-pyhecae5ae_0.conda
  sha256: 6016672e0e72c4cf23c0cf7b1986283bd86a9c17e8d319212d78d8e9ae42fdfd
  md5: 9d64911b31d57ca443e9f1e36b04385f
  depends:
  - python >=3.9
  license: BSD-3-Clause
  license_family: BSD
  purls:
  - pkg:pypi/threadpoolctl?source=hash-mapping
  size: 23869
  timestamp: 1741878358548
- conda: https://conda.anaconda.org/conda-forge/win-64/tk-8.6.13-h2c6b04d_3.conda
  sha256: 4581f4ffb432fefa1ac4f85c5682cc27014bcd66e7beaa0ee330e927a7858790
  md5: 7cb36e506a7dba4817970f8adb6396f9
  depends:
  - ucrt >=10.0.20348.0
  - vc >=14.2,<15
  - vc14_runtime >=14.29.30139
  license: TCL
  license_family: BSD
  purls: []
  size: 3472313
  timestamp: 1763055164278
- conda: https://conda.anaconda.org/conda-forge/noarch/typing-extensions-4.15.0-h396c80c_0.conda
  sha256: 7c2df5721c742c2a47b2c8f960e718c930031663ac1174da67c1ed5999f7938c
  md5: edd329d7d3a4ab45dcf905899a7a6115
  depends:
  - typing_extensions ==4.15.0 pyhcf101f3_0
  license: PSF-2.0
  license_family: PSF
  purls: []
  size: 91383
  timestamp: 1756220668932
- conda: https://conda.anaconda.org/conda-forge/noarch/typing_extensions-4.15.0-pyhcf101f3_0.conda
  sha256: 032271135bca55aeb156cee361c81350c6f3fb203f57d024d7e5a1fc9ef18731
  md5: 0caa1af407ecff61170c9437a808404d
  depends:
  - python >=3.10
  - python
  license: PSF-2.0
  license_family: PSF
  purls:
  - pkg:pypi/typing-extensions?source=hash-mapping
  size: 51692
  timestamp: 1756220668932
- conda: https://conda.anaconda.org/conda-forge/noarch/tzdata-2025c-hc9c84f9_1.conda
  sha256: 1d30098909076af33a35017eed6f2953af1c769e273a0626a04722ac4acaba3c
  md5: ad659d0a2b3e47e38d829aa8cad2d610
  license: LicenseRef-Public-Domain
  purls: []
  size: 119135
  timestamp: 1767016325805
- conda: https://conda.anaconda.org/conda-forge/win-64/ucrt-10.0.26100.0-h57928b3_0.conda
  sha256: 3005729dce6f3d3f5ec91dfc49fc75a0095f9cd23bab49efb899657297ac91a5
  md5: 71b24316859acd00bdb8b38f5e2ce328
  constrains:
  - vc14_runtime >=14.29.30037
  - vs2015_runtime >=14.29.30037
  license: LicenseRef-MicrosoftWindowsSDK10
  purls: []
  size: 694692
  timestamp: 1756385147981
- conda: https://conda.anaconda.org/conda-forge/win-64/vc-14.3-h41ae7f8_34.conda
  sha256: 9dc40c2610a6e6727d635c62cced5ef30b7b30123f5ef67d6139e23d21744b3a
  md5: 1e610f2416b6acdd231c5f573d754a0f
  depends:
  - vc14_runtime >=14.44.35208
  track_features:
  - vc14
  license: BSD-3-Clause
  license_family: BSD
  purls: []
  size: 19356
  timestamp: 1767320221521
- conda: https://conda.anaconda.org/conda-forge/win-64/vc14_runtime-14.44.35208-h818238b_34.conda
  sha256: 02732f953292cce179de9b633e74928037fa3741eb5ef91c3f8bae4f761d32a5
  md5: 37eb311485d2d8b2c419449582046a42
  depends:
  - ucrt >=10.0.20348.0
  - vcomp14 14.44.35208 h818238b_34
  constrains:
  - vs2015_runtime 14.44.35208.* *_34
  license: LicenseRef-MicrosoftVisualCpp2015-2022Runtime
  license_family: Proprietary
  purls: []
  size: 683233
  timestamp: 1767320219644
- conda: https://conda.anaconda.org/conda-forge/win-64/vcomp14-14.44.35208-h818238b_34.conda
  sha256: 878d5d10318b119bd98ed3ed874bd467acbe21996e1d81597a1dbf8030ea0ce6
  md5: 242d9f25d2ae60c76b38a5e42858e51d
  depends:
  - ucrt >=10.0.20348.0
  constrains:
  - vs2015_runtime 14.44.35208.* *_34
  license: LicenseRef-MicrosoftVisualCpp2015-2022Runtime
  license_family: Proprietary
  purls: []
  size: 115235
  timestamp: 1767320173250
